// !$*UTF8*$!
{
	archiveVersion = 1;
	classes = {
	};
	objectVersion = 50;
	objects = {

/* Begin PBXBuildFile section */
		188BC1CB2201344A00421CA0 /* Item.swift in Sources */ = {isa = PBXBuildFile; fileRef = 188BC1CA2201344A00421CA0 /* Item.swift */; };
		188BC1CD2201346000421CA0 /* Category.swift in Sources */ = {isa = PBXBuildFile; fileRef = 188BC1CC2201346000421CA0 /* Category.swift */; };
		188BC1CF2207224700421CA0 /* SwipeTableViewController.swift in Sources */ = {isa = PBXBuildFile; fileRef = 188BC1CE2207224700421CA0 /* SwipeTableViewController.swift */; };
		18E8EB4E21F497B800A458BC /* AppDelegate.swift in Sources */ = {isa = PBXBuildFile; fileRef = 18E8EB4D21F497B800A458BC /* AppDelegate.swift */; };
		18E8EB5021F497B800A458BC /* ToDoListViewController.swift in Sources */ = {isa = PBXBuildFile; fileRef = 18E8EB4F21F497B800A458BC /* ToDoListViewController.swift */; };
		18E8EB5321F497B800A458BC /* Main.storyboard in Resources */ = {isa = PBXBuildFile; fileRef = 18E8EB5121F497B800A458BC /* Main.storyboard */; };
		18E8EB5521F497BD00A458BC /* Assets.xcassets in Resources */ = {isa = PBXBuildFile; fileRef = 18E8EB5421F497BD00A458BC /* Assets.xcassets */; };
		18E8EB5821F497BD00A458BC /* LaunchScreen.storyboard in Resources */ = {isa = PBXBuildFile; fileRef = 18E8EB5621F497BD00A458BC /* LaunchScreen.storyboard */; };
		18E8EB8C21F97C6A00A458BC /* CategoryViewController.swift in Sources */ = {isa = PBXBuildFile; fileRef = 18E8EB8B21F97C6A00A458BC /* CategoryViewController.swift */; };
		9FF247DC5C63696E44D7A776 /* Pods_Todoey.framework in Frameworks */ = {isa = PBXBuildFile; fileRef = 7B2B933A5FADE561846B912A /* Pods_Todoey.framework */; };
/* End PBXBuildFile section */

/* Begin PBXFileReference section */
		188BC1CA2201344A00421CA0 /* Item.swift */ = {isa = PBXFileReference; lastKnownFileType = sourcecode.swift; path = Item.swift; sourceTree = "<group>"; };
		188BC1CC2201346000421CA0 /* Category.swift */ = {isa = PBXFileReference; lastKnownFileType = sourcecode.swift; path = Category.swift; sourceTree = "<group>"; };
		188BC1CE2207224700421CA0 /* SwipeTableViewController.swift */ = {isa = PBXFileReference; lastKnownFileType = sourcecode.swift; path = SwipeTableViewController.swift; sourceTree = "<group>"; };
		18E8EB4A21F497B800A458BC /* Todoey.app */ = {isa = PBXFileReference; explicitFileType = wrapper.application; includeInIndex = 0; path = Todoey.app; sourceTree = BUILT_PRODUCTS_DIR; };
		18E8EB4D21F497B800A458BC /* AppDelegate.swift */ = {isa = PBXFileReference; lastKnownFileType = sourcecode.swift; path = AppDelegate.swift; sourceTree = "<group>"; };
		18E8EB4F21F497B800A458BC /* ToDoListViewController.swift */ = {isa = PBXFileReference; lastKnownFileType = sourcecode.swift; path = ToDoListViewController.swift; sourceTree = "<group>"; };
		18E8EB5221F497B800A458BC /* Base */ = {isa = PBXFileReference; lastKnownFileType = file.storyboard; name = Base; path = Base.lproj/Main.storyboard; sourceTree = "<group>"; };
		18E8EB5421F497BD00A458BC /* Assets.xcassets */ = {isa = PBXFileReference; lastKnownFileType = folder.assetcatalog; path = Assets.xcassets; sourceTree = "<group>"; };
		18E8EB5721F497BD00A458BC /* Base */ = {isa = PBXFileReference; lastKnownFileType = file.storyboard; name = Base; path = Base.lproj/LaunchScreen.storyboard; sourceTree = "<group>"; };
		18E8EB5921F497BD00A458BC /* Info.plist */ = {isa = PBXFileReference; lastKnownFileType = text.plist.xml; path = Info.plist; sourceTree = "<group>"; };
		18E8EB8B21F97C6A00A458BC /* CategoryViewController.swift */ = {isa = PBXFileReference; lastKnownFileType = sourcecode.swift; path = CategoryViewController.swift; sourceTree = "<group>"; };
		1DC2AD59C275CE1323277873 /* Pods-Todoey.debug.xcconfig */ = {isa = PBXFileReference; includeInIndex = 1; lastKnownFileType = text.xcconfig; name = "Pods-Todoey.debug.xcconfig"; path = "Pods/Target Support Files/Pods-Todoey/Pods-Todoey.debug.xcconfig"; sourceTree = "<group>"; };
		7B2B933A5FADE561846B912A /* Pods_Todoey.framework */ = {isa = PBXFileReference; explicitFileType = wrapper.framework; includeInIndex = 0; path = Pods_Todoey.framework; sourceTree = BUILT_PRODUCTS_DIR; };
		91D9D19898EA657FF09D6341 /* Pods-Todoey.release.xcconfig */ = {isa = PBXFileReference; includeInIndex = 1; lastKnownFileType = text.xcconfig; name = "Pods-Todoey.release.xcconfig"; path = "Pods/Target Support Files/Pods-Todoey/Pods-Todoey.release.xcconfig"; sourceTree = "<group>"; };
/* End PBXFileReference section */

/* Begin PBXFrameworksBuildPhase section */
		18E8EB4721F497B800A458BC /* Frameworks */ = {
			isa = PBXFrameworksBuildPhase;
			buildActionMask = 2147483647;
			files = (
				9FF247DC5C63696E44D7A776 /* Pods_Todoey.framework in Frameworks */,
			);
			runOnlyForDeploymentPostprocessing = 0;
		};
/* End PBXFrameworksBuildPhase section */

/* Begin PBXGroup section */
		09BA0121D485A3EFD1A797E5 /* Pods */ = {
			isa = PBXGroup;
			children = (
				1DC2AD59C275CE1323277873 /* Pods-Todoey.debug.xcconfig */,
				91D9D19898EA657FF09D6341 /* Pods-Todoey.release.xcconfig */,
			);
			name = Pods;
			sourceTree = "<group>";
		};
		18E8EB4121F497B800A458BC = {
			isa = PBXGroup;
			children = (
				18E8EB4C21F497B800A458BC /* Todoey */,
				18E8EB4B21F497B800A458BC /* Products */,
				09BA0121D485A3EFD1A797E5 /* Pods */,
				EED6A82D4041A7ED222ACBE5 /* Frameworks */,
			);
			sourceTree = "<group>";
		};
		18E8EB4B21F497B800A458BC /* Products */ = {
			isa = PBXGroup;
			children = (
				18E8EB4A21F497B800A458BC /* Todoey.app */,
			);
			name = Products;
			sourceTree = "<group>";
		};
		18E8EB4C21F497B800A458BC /* Todoey */ = {
			isa = PBXGroup;
			children = (
				18E8EB6321F5D2C900A458BC /* Data Model */,
				18E8EB6421F5D2DD00A458BC /* View */,
				18E8EB6521F5D2F100A458BC /* Controller */,
				18E8EB6621F5D32A00A458BC /* Supporting Files */,
				18E8EB5921F497BD00A458BC /* Info.plist */,
			);
			path = Todoey;
			sourceTree = "<group>";
		};
		18E8EB6321F5D2C900A458BC /* Data Model */ = {
			isa = PBXGroup;
			children = (
				188BC1CC2201346000421CA0 /* Category.swift */,
				188BC1CA2201344A00421CA0 /* Item.swift */,
			);
			path = "Data Model";
			sourceTree = "<group>";
		};
		18E8EB6421F5D2DD00A458BC /* View */ = {
			isa = PBXGroup;
			children = (
				18E8EB5121F497B800A458BC /* Main.storyboard */,
			);
			path = View;
			sourceTree = "<group>";
		};
		18E8EB6521F5D2F100A458BC /* Controller */ = {
			isa = PBXGroup;
			children = (
				18E8EB4D21F497B800A458BC /* AppDelegate.swift */,
				188BC1CE2207224700421CA0 /* SwipeTableViewController.swift */,
				18E8EB8B21F97C6A00A458BC /* CategoryViewController.swift */,
				18E8EB4F21F497B800A458BC /* ToDoListViewController.swift */,
			);
			path = Controller;
			sourceTree = "<group>";
		};
		18E8EB6621F5D32A00A458BC /* Supporting Files */ = {
			isa = PBXGroup;
			children = (
				18E8EB5421F497BD00A458BC /* Assets.xcassets */,
				18E8EB5621F497BD00A458BC /* LaunchScreen.storyboard */,
			);
			path = "Supporting Files";
			sourceTree = "<group>";
		};
		EED6A82D4041A7ED222ACBE5 /* Frameworks */ = {
			isa = PBXGroup;
			children = (
				7B2B933A5FADE561846B912A /* Pods_Todoey.framework */,
			);
			name = Frameworks;
			sourceTree = "<group>";
		};
/* End PBXGroup section */

/* Begin PBXNativeTarget section */
		18E8EB4921F497B800A458BC /* Todoey */ = {
			isa = PBXNativeTarget;
			buildConfigurationList = 18E8EB5C21F497BD00A458BC /* Build configuration list for PBXNativeTarget "Todoey" */;
			buildPhases = (
				A8AF8F88A85993CDDA9E6004 /* [CP] Check Pods Manifest.lock */,
				18E8EB4621F497B800A458BC /* Sources */,
				18E8EB4721F497B800A458BC /* Frameworks */,
				18E8EB4821F497B800A458BC /* Resources */,
				3131AD4E7F3A6A7B09D80C95 /* [CP] Embed Pods Frameworks */,
			);
			buildRules = (
			);
			dependencies = (
			);
			name = Todoey;
			productName = Todoey;
			productReference = 18E8EB4A21F497B800A458BC /* Todoey.app */;
			productType = "com.apple.product-type.application";
		};
/* End PBXNativeTarget section */

/* Begin PBXProject section */
		18E8EB4221F497B800A458BC /* Project object */ = {
			isa = PBXProject;
			attributes = {
				LastSwiftUpdateCheck = 1010;
				LastUpgradeCheck = 1010;
				ORGANIZATIONNAME = Appinfy;
				TargetAttributes = {
					18E8EB4921F497B800A458BC = {
						CreatedOnToolsVersion = 10.1;
					};
				};
			};
			buildConfigurationList = 18E8EB4521F497B800A458BC /* Build configuration list for PBXProject "Todoey" */;
			compatibilityVersion = "Xcode 9.3";
			developmentRegion = en;
			hasScannedForEncodings = 0;
			knownRegions = (
				en,
				Base,
			);
			mainGroup = 18E8EB4121F497B800A458BC;
			productRefGroup = 18E8EB4B21F497B800A458BC /* Products */;
			projectDirPath = "";
			projectRoot = "";
			targets = (
				18E8EB4921F497B800A458BC /* Todoey */,
			);
		};
/* End PBXProject section */

/* Begin PBXResourcesBuildPhase section */
		18E8EB4821F497B800A458BC /* Resources */ = {
			isa = PBXResourcesBuildPhase;
			buildActionMask = 2147483647;
			files = (
				18E8EB5821F497BD00A458BC /* LaunchScreen.storyboard in Resources */,
				18E8EB5521F497BD00A458BC /* Assets.xcassets in Resources */,
				18E8EB5321F497B800A458BC /* Main.storyboard in Resources */,
			);
			runOnlyForDeploymentPostprocessing = 0;
		};
/* End PBXResourcesBuildPhase section */

/* Begin PBXShellScriptBuildPhase section */
		3131AD4E7F3A6A7B09D80C95 /* [CP] Embed Pods Frameworks */ = {
			isa = PBXShellScriptBuildPhase;
			buildActionMask = 2147483647;
			files = (
			);
			inputFileListPaths = (
			);
			inputPaths = (
				"${SRCROOT}/Pods/Target Support Files/Pods-Todoey/Pods-Todoey-frameworks.sh",
				"${BUILT_PRODUCTS_DIR}/Realm/Realm.framework",
				"${BUILT_PRODUCTS_DIR}/RealmSwift/RealmSwift.framework",
				"${BUILT_PRODUCTS_DIR}/SwipeCellKit/SwipeCellKit.framework",
			);
			name = "[CP] Embed Pods Frameworks";
			outputFileListPaths = (
			);
			outputPaths = (
				"${TARGET_BUILD_DIR}/${FRAMEWORKS_FOLDER_PATH}/Realm.framework",
				"${TARGET_BUILD_DIR}/${FRAMEWORKS_FOLDER_PATH}/RealmSwift.framework",
				"${TARGET_BUILD_DIR}/${FRAMEWORKS_FOLDER_PATH}/SwipeCellKit.framework",
			);
			runOnlyForDeploymentPostprocessing = 0;
			shellPath = /bin/sh;
			shellScript = "\"${SRCROOT}/Pods/Target Support Files/Pods-Todoey/Pods-Todoey-frameworks.sh\"\n";
			showEnvVarsInLog = 0;
		};
		A8AF8F88A85993CDDA9E6004 /* [CP] Check Pods Manifest.lock */ = {
			isa = PBXShellScriptBuildPhase;
			buildActionMask = 2147483647;
			files = (
			);
			inputFileListPaths = (
			);
			inputPaths = (
				"${PODS_PODFILE_DIR_PATH}/Podfile.lock",
				"${PODS_ROOT}/Manifest.lock",
			);
			name = "[CP] Check Pods Manifest.lock";
			outputFileListPaths = (
			);
			outputPaths = (
				"$(DERIVED_FILE_DIR)/Pods-Todoey-checkManifestLockResult.txt",
			);
			runOnlyForDeploymentPostprocessing = 0;
			shellPath = /bin/sh;
			shellScript = "diff \"${PODS_PODFILE_DIR_PATH}/Podfile.lock\" \"${PODS_ROOT}/Manifest.lock\" > /dev/null\nif [ $? != 0 ] ; then\n    # print error to STDERR\n    echo \"error: The sandbox is not in sync with the Podfile.lock. Run 'pod install' or update your CocoaPods installation.\" >&2\n    exit 1\nfi\n# This output is used by Xcode 'outputs' to avoid re-running this script phase.\necho \"SUCCESS\" > \"${SCRIPT_OUTPUT_FILE_0}\"\n";
			showEnvVarsInLog = 0;
		};
/* End PBXShellScriptBuildPhase section */

/* Begin PBXSourcesBuildPhase section */
		18E8EB4621F497B800A458BC /* Sources */ = {
			isa = PBXSourcesBuildPhase;
			buildActionMask = 2147483647;
			files = (
				188BC1CB2201344A00421CA0 /* Item.swift in Sources */,
				18E8EB8C21F97C6A00A458BC /* CategoryViewController.swift in Sources */,
				18E8EB5021F497B800A458BC /* ToDoListViewController.swift in Sources */,
				18E8EB4E21F497B800A458BC /* AppDelegate.swift in Sources */,
				188BC1CF2207224700421CA0 /* SwipeTableViewController.swift in Sources */,
				188BC1CD2201346000421CA0 /* Category.swift in Sources */,
			);
			runOnlyForDeploymentPostprocessing = 0;
		};
/* End PBXSourcesBuildPhase section */

/* Begin PBXVariantGroup section */
		18E8EB5121F497B800A458BC /* Main.storyboard */ = {
			isa = PBXVariantGroup;
			children = (
				18E8EB5221F497B800A458BC /* Base */,
			);
			name = Main.storyboard;
			sourceTree = "<group>";
		};
		18E8EB5621F497BD00A458BC /* LaunchScreen.storyboard */ = {
			isa = PBXVariantGroup;
			children = (
				18E8EB5721F497BD00A458BC /* Base */,
			);
			name = LaunchScreen.storyboard;
			sourceTree = "<group>";
		};
/* End PBXVariantGroup section */

/* Begin XCBuildConfiguration section */
		18E8EB5A21F497BD00A458BC /* Debug */ = {
			isa = XCBuildConfiguration;
			buildSettings = {
				ALWAYS_SEARCH_USER_PATHS = NO;
				CLANG_ANALYZER_NONNULL = YES;
				CLANG_ANALYZER_NUMBER_OBJECT_CONVERSION = YES_AGGRESSIVE;
				CLANG_CXX_LANGUAGE_STANDARD = "gnu++14";
				CLANG_CXX_LIBRARY = "libc++";
				CLANG_ENABLE_MODULES = YES;
				CLANG_ENABLE_OBJC_ARC = YES;
				CLANG_ENABLE_OBJC_WEAK = YES;
				CLANG_WARN_BLOCK_CAPTURE_AUTORELEASING = YES;
				CLANG_WARN_BOOL_CONVERSION = YES;
				CLANG_WARN_COMMA = YES;
				CLANG_WARN_CONSTANT_CONVERSION = YES;
				CLANG_WARN_DEPRECATED_OBJC_IMPLEMENTATIONS = YES;
				CLANG_WARN_DIRECT_OBJC_ISA_USAGE = YES_ERROR;
				CLANG_WARN_DOCUMENTATION_COMMENTS = YES;
				CLANG_WARN_EMPTY_BODY = YES;
				CLANG_WARN_ENUM_CONVERSION = YES;
				CLANG_WARN_INFINITE_RECURSION = YES;
				CLANG_WARN_INT_CONVERSION = YES;
				CLANG_WARN_NON_LITERAL_NULL_CONVERSION = YES;
				CLANG_WARN_OBJC_IMPLICIT_RETAIN_SELF = YES;
				CLANG_WARN_OBJC_LITERAL_CONVERSION = YES;
				CLANG_WARN_OBJC_ROOT_CLASS = YES_ERROR;
				CLANG_WARN_RANGE_LOOP_ANALYSIS = YES;
				CLANG_WARN_STRICT_PROTOTYPES = YES;
				CLANG_WARN_SUSPICIOUS_MOVE = YES;
				CLANG_WARN_UNGUARDED_AVAILABILITY = YES_AGGRESSIVE;
				CLANG_WARN_UNREACHABLE_CODE = YES;
				CLANG_WARN__DUPLICATE_METHOD_MATCH = YES;
				CODE_SIGN_IDENTITY = "iPhone Developer";
				COPY_PHASE_STRIP = NO;
				DEBUG_INFORMATION_FORMAT = dwarf;
				ENABLE_STRICT_OBJC_MSGSEND = YES;
				ENABLE_TESTABILITY = YES;
				GCC_C_LANGUAGE_STANDARD = gnu11;
				GCC_DYNAMIC_NO_PIC = NO;
				GCC_NO_COMMON_BLOCKS = YES;
				GCC_OPTIMIZATION_LEVEL = 0;
				GCC_PREPROCESSOR_DEFINITIONS = (
					"DEBUG=1",
					"$(inherited)",
				);
				GCC_WARN_64_TO_32_BIT_CONVERSION = YES;
				GCC_WARN_ABOUT_RETURN_TYPE = YES_ERROR;
				GCC_WARN_UNDECLARED_SELECTOR = YES;
				GCC_WARN_UNINITIALIZED_AUTOS = YES_AGGRESSIVE;
				GCC_WARN_UNUSED_FUNCTION = YES;
				GCC_WARN_UNUSED_VARIABLE = YES;
				IPHONEOS_DEPLOYMENT_TARGET = 12.1;
				MTL_ENABLE_DEBUG_INFO = INCLUDE_SOURCE;
				MTL_FAST_MATH = YES;
				ONLY_ACTIVE_ARCH = YES;
				SDKROOT = iphoneos;
				SWIFT_ACTIVE_COMPILATION_CONDITIONS = DEBUG;
				SWIFT_OPTIMIZATION_LEVEL = "-Onone";
			};
			name = Debug;
		};
		18E8EB5B21F497BD00A458BC /* Release */ = {
			isa = XCBuildConfiguration;
			buildSettings = {
				ALWAYS_SEARCH_USER_PATHS = NO;
				CLANG_ANALYZER_NONNULL = YES;
				CLANG_ANALYZER_NUMBER_OBJECT_CONVERSION = YES_AGGRESSIVE;
				CLANG_CXX_LANGUAGE_STANDARD = "gnu++14";
				CLANG_CXX_LIBRARY = "libc++";
				CLANG_ENABLE_MODULES = YES;
				CLANG_ENABLE_OBJC_ARC = YES;
				CLANG_ENABLE_OBJC_WEAK = YES;
				CLANG_WARN_BLOCK_CAPTURE_AUTORELEASING = YES;
				CLANG_WARN_BOOL_CONVERSION = YES;
				CLANG_WARN_COMMA = YES;
				CLANG_WARN_CONSTANT_CONVERSION = YES;
				CLANG_WARN_DEPRECATED_OBJC_IMPLEMENTATIONS = YES;
				CLANG_WARN_DIRECT_OBJC_ISA_USAGE = YES_ERROR;
				CLANG_WARN_DOCUMENTATION_COMMENTS = YES;
				CLANG_WARN_EMPTY_BODY = YES;
				CLANG_WARN_ENUM_CONVERSION = YES;
				CLANG_WARN_INFINITE_RECURSION = YES;
				CLANG_WARN_INT_CONVERSION = YES;
				CLANG_WARN_NON_LITERAL_NULL_CONVERSION = YES;
				CLANG_WARN_OBJC_IMPLICIT_RETAIN_SELF = YES;
				CLANG_WARN_OBJC_LITERAL_CONVERSION = YES;
				CLANG_WARN_OBJC_ROOT_CLASS = YES_ERROR;
				CLANG_WARN_RANGE_LOOP_ANALYSIS = YES;
				CLANG_WARN_STRICT_PROTOTYPES = YES;
				CLANG_WARN_SUSPICIOUS_MOVE = YES;
				CLANG_WARN_UNGUARDED_AVAILABILITY = YES_AGGRESSIVE;
				CLANG_WARN_UNREACHABLE_CODE = YES;
				CLANG_WARN__DUPLICATE_METHOD_MATCH = YES;
				CODE_SIGN_IDENTITY = "iPhone Developer";
				COPY_PHASE_STRIP = NO;
				DEBUG_INFORMATION_FORMAT = "dwarf-with-dsym";
				ENABLE_NS_ASSERTIONS = NO;
				ENABLE_STRICT_OBJC_MSGSEND = YES;
				GCC_C_LANGUAGE_STANDARD = gnu11;
				GCC_NO_COMMON_BLOCKS = YES;
				GCC_WARN_64_TO_32_BIT_CONVERSION = YES;
				GCC_WARN_ABOUT_RETURN_TYPE = YES_ERROR;
				GCC_WARN_UNDECLARED_SELECTOR = YES;
				GCC_WARN_UNINITIALIZED_AUTOS = YES_AGGRESSIVE;
				GCC_WARN_UNUSED_FUNCTION = YES;
				GCC_WARN_UNUSED_VARIABLE = YES;
				IPHONEOS_DEPLOYMENT_TARGET = 12.1;
				MTL_ENABLE_DEBUG_INFO = NO;
				MTL_FAST_MATH = YES;
				SDKROOT = iphoneos;
				SWIFT_COMPILATION_MODE = wholemodule;
				SWIFT_OPTIMIZATION_LEVEL = "-O";
				VALIDATE_PRODUCT = YES;
			};
			name = Release;
		};
		18E8EB5D21F497BD00A458BC /* Debug */ = {
			isa = XCBuildConfiguration;
			baseConfigurationReference = 1DC2AD59C275CE1323277873 /* Pods-Todoey.debug.xcconfig */;
			buildSettings = {
				ASSETCATALOG_COMPILER_APPICON_NAME = AppIcon;
				CODE_SIGN_STYLE = Automatic;
				DEVELOPMENT_TEAM = EU8Z97B5WG;
				INFOPLIST_FILE = Todoey/Info.plist;
				LD_RUNPATH_SEARCH_PATHS = (
					"$(inherited)",
					"@executable_path/Frameworks",
				);
				PRODUCT_BUNDLE_IDENTIFIER = au.com.appinfy.Todoey;
				PRODUCT_NAME = "$(TARGET_NAME)";
				SWIFT_VERSION = 4.2;
				TARGETED_DEVICE_FAMILY = "1,2";
			};
			name = Debug;
		};
		18E8EB5E21F497BD00A458BC /* Release */ = {
			isa = XCBuildConfiguration;
			baseConfigurationReference = 91D9D19898EA657FF09D6341 /* Pods-Todoey.release.xcconfig */;
			buildSettings = {
				ASSETCATALOG_COMPILER_APPICON_NAME = AppIcon;
				CODE_SIGN_STYLE = Automatic;
				DEVELOPMENT_TEAM = EU8Z97B5WG;
				INFOPLIST_FILE = Todoey/Info.plist;
				LD_RUNPATH_SEARCH_PATHS = (
					"$(inherited)",
					"@executable_path/Frameworks",
				);
				PRODUCT_BUNDLE_IDENTIFIER = au.com.appinfy.Todoey;
				PRODUCT_NAME = "$(TARGET_NAME)";
				SWIFT_VERSION = 4.2;
				TARGETED_DEVICE_FAMILY = "1,2";
			};
			name = Release;
		};
/* End XCBuildConfiguration section */

/* Begin XCConfigurationList section */
		18E8EB4521F497B800A458BC /* Build configuration list for PBXProject "Todoey" */ = {
			isa = XCConfigurationList;
			buildConfigurations = (
				18E8EB5A21F497BD00A458BC /* Debug */,
				18E8EB5B21F497BD00A458BC /* Release */,
			);
			defaultConfigurationIsVisible = 0;
			defaultConfigurationName = Release;
		};
		18E8EB5C21F497BD00A458BC /* Build configuration list for PBXNativeTarget "Todoey" */ = {
			isa = XCConfigurationList;
			buildConfigurations = (
				18E8EB5D21F497BD00A458BC /* Debug */,
				18E8EB5E21F497BD00A458BC /* Release */,
			);
			defaultConfigurationIsVisible = 0;
			defaultConfigurationName = Release;
		};
/* End XCConfigurationList section */
	};
	rootObject = 18E8EB4221F497B800A458BC /* Project object */;
}
